
Microsoft Visual Studio Solution File, Format Version 12.00
# Visual Studio Version 16
VisualStudioVersion = 16.0.31005.135
MinimumVisualStudioVersion = 10.0.40219.1
Project("{FAE04EC0-301F-11D3-BF4B-00C04F79EFBC}") = "StringApp", "StringApp.csproj", "{B85D7EA6-013E-4A44-9AFC-22383A21CB17}"
EndProject
Global
	GlobalSection(SolutionConfigurationPlatforms) = preSolution
		Debug|Any CPU = Debug|Any CPU
		Release|Any CPU = Release|Any CPU
	EndGlobalSection
	GlobalSection(ProjectConfigurationPlatforms) = postSolution
		{B85D7EA6-013E-4A44-9AFC-22383A21CB17}.Debug|Any CPU.ActiveCfg = Debug|Any CPU
		{B85D7EA6-013E-4A44-9AFC-22383A21CB17}.Debug|Any CPU.Build.0 = Debug|Any CPU
		{B85D7EA6-013E-4A44-9AFC-22383A21CB17}.Release|Any CPU.ActiveCfg = Release|Any CPU
		{B85D7EA6-013E-4A44-9AFC-22383A21CB17}.Release|Any CPU.Build.0 = Release|Any CPU
	EndGlobalSection
	GlobalSection(SolutionProperties) = preSolution
		HideSolutionNode = FALSE
	EndGlobalSection
	GlobalSection(ExtensibilityGlobals) = postSolution
		SolutionGuid = {CC637C78-B6CA-404F-A02E-3C06419AD5D8}
	EndGlobalSection
EndGlobal
