
Microsoft Visual Studio Solution File, Format Version 12.00
# Visual Studio Version 16
VisualStudioVersion = 16.0.31129.286
MinimumVisualStudioVersion = 10.0.40219.1
Project("{FAE04EC0-301F-11D3-BF4B-00C04F79EFBC}") = "LambdaSubmission", "LambdaSubmission.csproj", "{8FCA2C93-0708-4DFC-847F-810636BF7CF6}"
EndProject
Global
	GlobalSection(SolutionConfigurationPlatforms) = preSolution
		Debug|Any CPU = Debug|Any CPU
		Release|Any CPU = Release|Any CPU
	EndGlobalSection
	GlobalSection(ProjectConfigurationPlatforms) = postSolution
		{8FCA2C93-0708-4DFC-847F-810636BF7CF6}.Debug|Any CPU.ActiveCfg = Debug|Any CPU
		{8FCA2C93-0708-4DFC-847F-810636BF7CF6}.Debug|Any CPU.Build.0 = Debug|Any CPU
		{8FCA2C93-0708-4DFC-847F-810636BF7CF6}.Release|Any CPU.ActiveCfg = Release|Any CPU
		{8FCA2C93-0708-4DFC-847F-810636BF7CF6}.Release|Any CPU.Build.0 = Release|Any CPU
	EndGlobalSection
	GlobalSection(SolutionProperties) = preSolution
		HideSolutionNode = FALSE
	EndGlobalSection
	GlobalSection(ExtensibilityGlobals) = postSolution
		SolutionGuid = {32EE3938-1736-4C7F-9D3D-88F62624CF39}
	EndGlobalSection
EndGlobal
