
Microsoft Visual Studio Solution File, Format Version 12.00
# Visual Studio Version 16
VisualStudioVersion = 16.0.31005.135
MinimumVisualStudioVersion = 10.0.40219.1
Project("{FAE04EC0-301F-11D3-BF4B-00C04F79EFBC}") = "SubmitAssignment", "SubmitAssignment.csproj", "{3EF722D8-E202-4BA6-A96E-FC8D82CB7076}"
EndProject
Global
	GlobalSection(SolutionConfigurationPlatforms) = preSolution
		Debug|Any CPU = Debug|Any CPU
		Release|Any CPU = Release|Any CPU
	EndGlobalSection
	GlobalSection(ProjectConfigurationPlatforms) = postSolution
		{3EF722D8-E202-4BA6-A96E-FC8D82CB7076}.Debug|Any CPU.ActiveCfg = Debug|Any CPU
		{3EF722D8-E202-4BA6-A96E-FC8D82CB7076}.Debug|Any CPU.Build.0 = Debug|Any CPU
		{3EF722D8-E202-4BA6-A96E-FC8D82CB7076}.Release|Any CPU.ActiveCfg = Release|Any CPU
		{3EF722D8-E202-4BA6-A96E-FC8D82CB7076}.Release|Any CPU.Build.0 = Release|Any CPU
	EndGlobalSection
	GlobalSection(SolutionProperties) = preSolution
		HideSolutionNode = FALSE
	EndGlobalSection
	GlobalSection(ExtensibilityGlobals) = postSolution
		SolutionGuid = {64138716-7F3E-446B-98B3-0E560DD9DCFF}
	EndGlobalSection
EndGlobal
