
Microsoft Visual Studio Solution File, Format Version 12.00
# Visual Studio Version 16
VisualStudioVersion = 16.0.31205.134
MinimumVisualStudioVersion = 10.0.40219.1
Project("{FAE04EC0-301F-11D3-BF4B-00C04F79EFBC}") = "MVC", "MVC.csproj", "{63403E9B-3364-477B-BE95-E78136587BA4}"
EndProject
Global
	GlobalSection(SolutionConfigurationPlatforms) = preSolution
		Debug|Any CPU = Debug|Any CPU
		Release|Any CPU = Release|Any CPU
	EndGlobalSection
	GlobalSection(ProjectConfigurationPlatforms) = postSolution
		{63403E9B-3364-477B-BE95-E78136587BA4}.Debug|Any CPU.ActiveCfg = Debug|Any CPU
		{63403E9B-3364-477B-BE95-E78136587BA4}.Debug|Any CPU.Build.0 = Debug|Any CPU
		{63403E9B-3364-477B-BE95-E78136587BA4}.Release|Any CPU.ActiveCfg = Release|Any CPU
		{63403E9B-3364-477B-BE95-E78136587BA4}.Release|Any CPU.Build.0 = Release|Any CPU
	EndGlobalSection
	GlobalSection(SolutionProperties) = preSolution
		HideSolutionNode = FALSE
	EndGlobalSection
	GlobalSection(ExtensibilityGlobals) = postSolution
		SolutionGuid = {0CC485F6-310F-4FFC-A383-AD30978D8711}
	EndGlobalSection
EndGlobal
