
Microsoft Visual Studio Solution File, Format Version 12.00
# Visual Studio Version 16
VisualStudioVersion = 16.0.31129.286
MinimumVisualStudioVersion = 10.0.40219.1
Project("{FAE04EC0-301F-11D3-BF4B-00C04F79EFBC}") = "Constructors", "Constructors.csproj", "{49ED3CA0-7DCD-4038-A4EA-B23C7F3D658E}"
EndProject
Global
	GlobalSection(SolutionConfigurationPlatforms) = preSolution
		Debug|Any CPU = Debug|Any CPU
		Release|Any CPU = Release|Any CPU
	EndGlobalSection
	GlobalSection(ProjectConfigurationPlatforms) = postSolution
		{49ED3CA0-7DCD-4038-A4EA-B23C7F3D658E}.Debug|Any CPU.ActiveCfg = Debug|Any CPU
		{49ED3CA0-7DCD-4038-A4EA-B23C7F3D658E}.Debug|Any CPU.Build.0 = Debug|Any CPU
		{49ED3CA0-7DCD-4038-A4EA-B23C7F3D658E}.Release|Any CPU.ActiveCfg = Release|Any CPU
		{49ED3CA0-7DCD-4038-A4EA-B23C7F3D658E}.Release|Any CPU.Build.0 = Release|Any CPU
	EndGlobalSection
	GlobalSection(SolutionProperties) = preSolution
		HideSolutionNode = FALSE
	EndGlobalSection
	GlobalSection(ExtensibilityGlobals) = postSolution
		SolutionGuid = {EF8D3610-BB9E-4948-9B27-63A2CC5B7222}
	EndGlobalSection
EndGlobal
