
Microsoft Visual Studio Solution File, Format Version 12.00
# Visual Studio Version 16
VisualStudioVersion = 16.0.31005.135
MinimumVisualStudioVersion = 10.0.40219.1
Project("{FAE04EC0-301F-11D3-BF4B-00C04F79EFBC}") = "ExceptionHandling", "ExceptionHandling.csproj", "{7ABE01FA-BAC9-43E2-B264-05945E7912B8}"
EndProject
Global
	GlobalSection(SolutionConfigurationPlatforms) = preSolution
		Debug|Any CPU = Debug|Any CPU
		Release|Any CPU = Release|Any CPU
	EndGlobalSection
	GlobalSection(ProjectConfigurationPlatforms) = postSolution
		{7ABE01FA-BAC9-43E2-B264-05945E7912B8}.Debug|Any CPU.ActiveCfg = Debug|Any CPU
		{7ABE01FA-BAC9-43E2-B264-05945E7912B8}.Debug|Any CPU.Build.0 = Debug|Any CPU
		{7ABE01FA-BAC9-43E2-B264-05945E7912B8}.Release|Any CPU.ActiveCfg = Release|Any CPU
		{7ABE01FA-BAC9-43E2-B264-05945E7912B8}.Release|Any CPU.Build.0 = Release|Any CPU
	EndGlobalSection
	GlobalSection(SolutionProperties) = preSolution
		HideSolutionNode = FALSE
	EndGlobalSection
	GlobalSection(ExtensibilityGlobals) = postSolution
		SolutionGuid = {748D426A-02F3-4D13-9528-69FE1F642680}
	EndGlobalSection
EndGlobal
