
Microsoft Visual Studio Solution File, Format Version 12.00
# Visual Studio Version 16
VisualStudioVersion = 16.0.31005.135
MinimumVisualStudioVersion = 10.0.40219.1
Project("{FAE04EC0-301F-11D3-BF4B-00C04F79EFBC}") = "WhileDoWhile", "WhileDoWhile.csproj", "{6E53C5C8-572A-43F1-B338-770C51DB32F8}"
EndProject
Global
	GlobalSection(SolutionConfigurationPlatforms) = preSolution
		Debug|Any CPU = Debug|Any CPU
		Release|Any CPU = Release|Any CPU
	EndGlobalSection
	GlobalSection(ProjectConfigurationPlatforms) = postSolution
		{6E53C5C8-572A-43F1-B338-770C51DB32F8}.Debug|Any CPU.ActiveCfg = Debug|Any CPU
		{6E53C5C8-572A-43F1-B338-770C51DB32F8}.Debug|Any CPU.Build.0 = Debug|Any CPU
		{6E53C5C8-572A-43F1-B338-770C51DB32F8}.Release|Any CPU.ActiveCfg = Release|Any CPU
		{6E53C5C8-572A-43F1-B338-770C51DB32F8}.Release|Any CPU.Build.0 = Release|Any CPU
	EndGlobalSection
	GlobalSection(SolutionProperties) = preSolution
		HideSolutionNode = FALSE
	EndGlobalSection
	GlobalSection(ExtensibilityGlobals) = postSolution
		SolutionGuid = {C127792C-FC94-48E1-8FCC-6053ADAB14E5}
	EndGlobalSection
EndGlobal
