
Microsoft Visual Studio Solution File, Format Version 12.00
# Visual Studio Version 16
VisualStudioVersion = 16.0.31129.286
MinimumVisualStudioVersion = 10.0.40219.1
Project("{FAE04EC0-301F-11D3-BF4B-00C04F79EFBC}") = "DT", "DT.csproj", "{57CE6615-5F59-49BB-B8CA-D0D42B9A7418}"
EndProject
Global
	GlobalSection(SolutionConfigurationPlatforms) = preSolution
		Debug|Any CPU = Debug|Any CPU
		Release|Any CPU = Release|Any CPU
	EndGlobalSection
	GlobalSection(ProjectConfigurationPlatforms) = postSolution
		{57CE6615-5F59-49BB-B8CA-D0D42B9A7418}.Debug|Any CPU.ActiveCfg = Debug|Any CPU
		{57CE6615-5F59-49BB-B8CA-D0D42B9A7418}.Debug|Any CPU.Build.0 = Debug|Any CPU
		{57CE6615-5F59-49BB-B8CA-D0D42B9A7418}.Release|Any CPU.ActiveCfg = Release|Any CPU
		{57CE6615-5F59-49BB-B8CA-D0D42B9A7418}.Release|Any CPU.Build.0 = Release|Any CPU
	EndGlobalSection
	GlobalSection(SolutionProperties) = preSolution
		HideSolutionNode = FALSE
	EndGlobalSection
	GlobalSection(ExtensibilityGlobals) = postSolution
		SolutionGuid = {0ED3F2D5-FF96-4E94-B456-10B8385A011F}
	EndGlobalSection
EndGlobal
