
Microsoft Visual Studio Solution File, Format Version 12.00
# Visual Studio Version 16
VisualStudioVersion = 16.0.31005.135
MinimumVisualStudioVersion = 10.0.40219.1
Project("{FAE04EC0-301F-11D3-BF4B-00C04F79EFBC}") = "myConsoleProject.cs", "myConsoleProject.cs.csproj", "{DF9C9786-E18F-4907-BEA4-83D2164CCE96}"
EndProject
Global
	GlobalSection(SolutionConfigurationPlatforms) = preSolution
		Debug|Any CPU = Debug|Any CPU
		Release|Any CPU = Release|Any CPU
	EndGlobalSection
	GlobalSection(ProjectConfigurationPlatforms) = postSolution
		{DF9C9786-E18F-4907-BEA4-83D2164CCE96}.Debug|Any CPU.ActiveCfg = Debug|Any CPU
		{DF9C9786-E18F-4907-BEA4-83D2164CCE96}.Debug|Any CPU.Build.0 = Debug|Any CPU
		{DF9C9786-E18F-4907-BEA4-83D2164CCE96}.Release|Any CPU.ActiveCfg = Release|Any CPU
		{DF9C9786-E18F-4907-BEA4-83D2164CCE96}.Release|Any CPU.Build.0 = Release|Any CPU
	EndGlobalSection
	GlobalSection(SolutionProperties) = preSolution
		HideSolutionNode = FALSE
	EndGlobalSection
	GlobalSection(ExtensibilityGlobals) = postSolution
		SolutionGuid = {9714A534-65B8-49B1-86EE-718BD2311E0B}
	EndGlobalSection
EndGlobal
