
Microsoft Visual Studio Solution File, Format Version 12.00
# Visual Studio Version 16
VisualStudioVersion = 16.0.31005.135
MinimumVisualStudioVersion = 10.0.40219.1
Project("{FAE04EC0-301F-11D3-BF4B-00C04F79EFBC}") = "PolymorphismAssignment", "PolymorphismAssignment.csproj", "{FADAADC5-CEC2-422B-95C5-77AAD54758CA}"
EndProject
Global
	GlobalSection(SolutionConfigurationPlatforms) = preSolution
		Debug|Any CPU = Debug|Any CPU
		Release|Any CPU = Release|Any CPU
	EndGlobalSection
	GlobalSection(ProjectConfigurationPlatforms) = postSolution
		{FADAADC5-CEC2-422B-95C5-77AAD54758CA}.Debug|Any CPU.ActiveCfg = Debug|Any CPU
		{FADAADC5-CEC2-422B-95C5-77AAD54758CA}.Debug|Any CPU.Build.0 = Debug|Any CPU
		{FADAADC5-CEC2-422B-95C5-77AAD54758CA}.Release|Any CPU.ActiveCfg = Release|Any CPU
		{FADAADC5-CEC2-422B-95C5-77AAD54758CA}.Release|Any CPU.Build.0 = Release|Any CPU
	EndGlobalSection
	GlobalSection(SolutionProperties) = preSolution
		HideSolutionNode = FALSE
	EndGlobalSection
	GlobalSection(ExtensibilityGlobals) = postSolution
		SolutionGuid = {109434C0-3BAF-40B7-AB03-FEBD3CF6445C}
	EndGlobalSection
EndGlobal
