
Microsoft Visual Studio Solution File, Format Version 12.00
# Visual Studio Version 16
VisualStudioVersion = 16.0.31205.134
MinimumVisualStudioVersion = 10.0.40219.1
Project("{FAE04EC0-301F-11D3-BF4B-00C04F79EFBC}") = "Car_Insurance", "Car_Insurance.csproj", "{79D99D1B-BEC3-435C-986C-E75FA542615E}"
EndProject
Global
	GlobalSection(SolutionConfigurationPlatforms) = preSolution
		Debug|Any CPU = Debug|Any CPU
		Release|Any CPU = Release|Any CPU
	EndGlobalSection
	GlobalSection(ProjectConfigurationPlatforms) = postSolution
		{79D99D1B-BEC3-435C-986C-E75FA542615E}.Debug|Any CPU.ActiveCfg = Debug|Any CPU
		{79D99D1B-BEC3-435C-986C-E75FA542615E}.Debug|Any CPU.Build.0 = Debug|Any CPU
		{79D99D1B-BEC3-435C-986C-E75FA542615E}.Release|Any CPU.ActiveCfg = Release|Any CPU
		{79D99D1B-BEC3-435C-986C-E75FA542615E}.Release|Any CPU.Build.0 = Release|Any CPU
	EndGlobalSection
	GlobalSection(SolutionProperties) = preSolution
		HideSolutionNode = FALSE
	EndGlobalSection
	GlobalSection(ExtensibilityGlobals) = postSolution
		SolutionGuid = {C6F82B51-4AE9-4244-ADB6-CA905A2697F1}
	EndGlobalSection
EndGlobal
