
Microsoft Visual Studio Solution File, Format Version 12.00
# Visual Studio Version 16
VisualStudioVersion = 16.0.31005.135
MinimumVisualStudioVersion = 10.0.40219.1
Project("{FAE04EC0-301F-11D3-BF4B-00C04F79EFBC}") = "MethodClassSubmission", "MethodClassSubmission.csproj", "{398DE26D-44E0-4301-B9D7-7D67010660D9}"
EndProject
Global
	GlobalSection(SolutionConfigurationPlatforms) = preSolution
		Debug|Any CPU = Debug|Any CPU
		Release|Any CPU = Release|Any CPU
	EndGlobalSection
	GlobalSection(ProjectConfigurationPlatforms) = postSolution
		{398DE26D-44E0-4301-B9D7-7D67010660D9}.Debug|Any CPU.ActiveCfg = Debug|Any CPU
		{398DE26D-44E0-4301-B9D7-7D67010660D9}.Debug|Any CPU.Build.0 = Debug|Any CPU
		{398DE26D-44E0-4301-B9D7-7D67010660D9}.Release|Any CPU.ActiveCfg = Release|Any CPU
		{398DE26D-44E0-4301-B9D7-7D67010660D9}.Release|Any CPU.Build.0 = Release|Any CPU
	EndGlobalSection
	GlobalSection(SolutionProperties) = preSolution
		HideSolutionNode = FALSE
	EndGlobalSection
	GlobalSection(ExtensibilityGlobals) = postSolution
		SolutionGuid = {A2537F0B-AFDA-4283-BDBD-A0E5617ACD4B}
	EndGlobalSection
EndGlobal
